
Microsoft Visual Studio Solution File, Format Version 12.00
Project("{2150E333-8FDC-42A3-9474-1A3956D46DE8}") = "SolutionItems", "SolutionItems", "{CD4DCA5B-D48F-4E0D-8D6B-F2C8C5B5881B}"
	ProjectSection(SolutionItems) = preProject
		.gitignore = .gitignore
		.github\workflows\publish.yml = .github\workflows\publish.yml
		README.txt = README.txt
	EndProjectSection
EndProject
Project("{FAE04EC0-301F-11D3-BF4B-00C04F79EFBC}") = "StreamNet", "StreamNet\StreamNet.csproj", "{82C19D39-F43B-46B7-90FF-86F4511837B6}"
EndProject
Global
	GlobalSection(SolutionConfigurationPlatforms) = preSolution
		Debug|Any CPU = Debug|Any CPU
		Release|Any CPU = Release|Any CPU
	EndGlobalSection
	GlobalSection(ProjectConfigurationPlatforms) = postSolution
		{82C19D39-F43B-46B7-90FF-86F4511837B6}.Debug|Any CPU.ActiveCfg = Debug|Any CPU
		{82C19D39-F43B-46B7-90FF-86F4511837B6}.Debug|Any CPU.Build.0 = Debug|Any CPU
		{82C19D39-F43B-46B7-90FF-86F4511837B6}.Release|Any CPU.ActiveCfg = Release|Any CPU
		{82C19D39-F43B-46B7-90FF-86F4511837B6}.Release|Any CPU.Build.0 = Release|Any CPU
	EndGlobalSection
EndGlobal
